
Microsoft Visual Studio Solution File, Format Version 12.00
# Visual Studio Version 17
VisualStudioVersion = 17.0.31903.59
MinimumVisualStudioVersion = 10.0.40219.1
Project("{2150E333-8FDC-42A3-9474-1A3956D46DE8}") = "src", "src", "{827E0CD3-B72D-47B6-A68D-7590B98EB39B}"
EndProject
Project("{FAE04EC0-301F-11D3-BF4B-00C04F79EFBC}") = "TallerPro.Domain", "src\TallerPro.Domain\TallerPro.Domain.csproj", "{90E0D9E2-C451-4399-8CEF-93ADF8035271}"
EndProject
Project("{FAE04EC0-301F-11D3-BF4B-00C04F79EFBC}") = "TallerPro.Application", "src\TallerPro.Application\TallerPro.Application.csproj", "{AF79DC3A-1994-416A-BB0D-88C6B3BB8533}"
EndProject
Project("{FAE04EC0-301F-11D3-BF4B-00C04F79EFBC}") = "TallerPro.Infrastructure", "src\TallerPro.Infrastructure\TallerPro.Infrastructure.csproj", "{D8E79732-4B25-4F24-A22D-9EF4ACEA24D4}"
EndProject
Project("{FAE04EC0-301F-11D3-BF4B-00C04F79EFBC}") = "TallerPro.Shared", "src\TallerPro.Shared\TallerPro.Shared.csproj", "{4DF98C0F-2E37-475D-BFBF-5C57927EE23A}"
EndProject
Project("{FAE04EC0-301F-11D3-BF4B-00C04F79EFBC}") = "TallerPro.Components", "src\TallerPro.Components\TallerPro.Components.csproj", "{1D0C3396-4785-458F-A506-8BC32162BDAA}"
EndProject
Project("{FAE04EC0-301F-11D3-BF4B-00C04F79EFBC}") = "TallerPro.Hybrid", "src\TallerPro.Hybrid\TallerPro.Hybrid.csproj", "{9BB8E6FE-9AE2-41D2-A555-06BF425237FD}"
EndProject
Project("{FAE04EC0-301F-11D3-BF4B-00C04F79EFBC}") = "TallerPro.Api", "src\TallerPro.Api\TallerPro.Api.csproj", "{A743397F-EE61-461F-A69A-0F10BD11B3D9}"
EndProject
Project("{FAE04EC0-301F-11D3-BF4B-00C04F79EFBC}") = "TallerPro.LocalDb", "src\TallerPro.LocalDb\TallerPro.LocalDb.csproj", "{8A012BCB-9068-477B-AC3C-87E1364885E5}"
EndProject
Project("{FAE04EC0-301F-11D3-BF4B-00C04F79EFBC}") = "TallerPro.Web", "src\TallerPro.Web\TallerPro.Web.csproj", "{DC1CF0C4-FBCF-453C-9DBA-593183E5670F}"
EndProject
Project("{FAE04EC0-301F-11D3-BF4B-00C04F79EFBC}") = "TallerPro.Admin", "src\TallerPro.Admin\TallerPro.Admin.csproj", "{46CC6969-5535-4974-AFCF-64B0109C0942}"
EndProject
Project("{FAE04EC0-301F-11D3-BF4B-00C04F79EFBC}") = "TallerPro.Observability", "src\TallerPro.Observability\TallerPro.Observability.csproj", "{F2B466A4-55E3-4F19-ADCD-CC1965693DE2}"
EndProject
Project("{FAE04EC0-301F-11D3-BF4B-00C04F79EFBC}") = "TallerPro.Security", "src\TallerPro.Security\TallerPro.Security.csproj", "{2F0050BA-D878-4145-8DAA-2609636A2943}"
EndProject
Project("{FAE04EC0-301F-11D3-BF4B-00C04F79EFBC}") = "TallerPro.Analyzers", "src\TallerPro.Analyzers\TallerPro.Analyzers.csproj", "{0DA39F9A-2F1B-426A-8E1E-AD2B46B55359}"
EndProject
Project("{2150E333-8FDC-42A3-9474-1A3956D46DE8}") = "tests", "tests", "{0AB3BF05-4346-4AA6-1389-037BE0695223}"
EndProject
Project("{FAE04EC0-301F-11D3-BF4B-00C04F79EFBC}") = "TallerPro.Domain.Tests", "tests\TallerPro.Domain.Tests\TallerPro.Domain.Tests.csproj", "{88BA175E-ADE8-4CEF-89D8-65143EEF3B61}"
EndProject
Project("{FAE04EC0-301F-11D3-BF4B-00C04F79EFBC}") = "TallerPro.Application.Tests", "tests\TallerPro.Application.Tests\TallerPro.Application.Tests.csproj", "{4B1CA55B-79C1-4699-B1E4-468EF9AF530C}"
EndProject
Project("{FAE04EC0-301F-11D3-BF4B-00C04F79EFBC}") = "TallerPro.Integration.Tests", "tests\TallerPro.Integration.Tests\TallerPro.Integration.Tests.csproj", "{695903E8-CDF9-4448-A148-0EBE49FA352E}"
EndProject
Project("{FAE04EC0-301F-11D3-BF4B-00C04F79EFBC}") = "TallerPro.Isolation.Tests", "tests\TallerPro.Isolation.Tests\TallerPro.Isolation.Tests.csproj", "{BD551D8C-0E7B-4D28-A328-00D72FA2E49B}"
EndProject
Project("{FAE04EC0-301F-11D3-BF4B-00C04F79EFBC}") = "TallerPro.E2E.Tests", "tests\TallerPro.E2E.Tests\TallerPro.E2E.Tests.csproj", "{5A4C7E96-8045-4CAF-8E83-14EE3EC15A58}"
EndProject
Global
	GlobalSection(SolutionConfigurationPlatforms) = preSolution
		Debug|Any CPU = Debug|Any CPU
		Debug|x64 = Debug|x64
		Debug|x86 = Debug|x86
		Release|Any CPU = Release|Any CPU
		Release|x64 = Release|x64
		Release|x86 = Release|x86
	EndGlobalSection
	GlobalSection(ProjectConfigurationPlatforms) = postSolution
		{90E0D9E2-C451-4399-8CEF-93ADF8035271}.Debug|Any CPU.ActiveCfg = Debug|Any CPU
		{90E0D9E2-C451-4399-8CEF-93ADF8035271}.Debug|Any CPU.Build.0 = Debug|Any CPU
		{90E0D9E2-C451-4399-8CEF-93ADF8035271}.Debug|x64.ActiveCfg = Debug|Any CPU
		{90E0D9E2-C451-4399-8CEF-93ADF8035271}.Debug|x64.Build.0 = Debug|Any CPU
		{90E0D9E2-C451-4399-8CEF-93ADF8035271}.Debug|x86.ActiveCfg = Debug|Any CPU
		{90E0D9E2-C451-4399-8CEF-93ADF8035271}.Debug|x86.Build.0 = Debug|Any CPU
		{90E0D9E2-C451-4399-8CEF-93ADF8035271}.Release|Any CPU.ActiveCfg = Release|Any CPU
		{90E0D9E2-C451-4399-8CEF-93ADF8035271}.Release|Any CPU.Build.0 = Release|Any CPU
		{90E0D9E2-C451-4399-8CEF-93ADF8035271}.Release|x64.ActiveCfg = Release|Any CPU
		{90E0D9E2-C451-4399-8CEF-93ADF8035271}.Release|x64.Build.0 = Release|Any CPU
		{90E0D9E2-C451-4399-8CEF-93ADF8035271}.Release|x86.ActiveCfg = Release|Any CPU
		{90E0D9E2-C451-4399-8CEF-93ADF8035271}.Release|x86.Build.0 = Release|Any CPU
		{AF79DC3A-1994-416A-BB0D-88C6B3BB8533}.Debug|Any CPU.ActiveCfg = Debug|Any CPU
		{AF79DC3A-1994-416A-BB0D-88C6B3BB8533}.Debug|Any CPU.Build.0 = Debug|Any CPU
		{AF79DC3A-1994-416A-BB0D-88C6B3BB8533}.Debug|x64.ActiveCfg = Debug|Any CPU
		{AF79DC3A-1994-416A-BB0D-88C6B3BB8533}.Debug|x64.Build.0 = Debug|Any CPU
		{AF79DC3A-1994-416A-BB0D-88C6B3BB8533}.Debug|x86.ActiveCfg = Debug|Any CPU
		{AF79DC3A-1994-416A-BB0D-88C6B3BB8533}.Debug|x86.Build.0 = Debug|Any CPU
		{AF79DC3A-1994-416A-BB0D-88C6B3BB8533}.Release|Any CPU.ActiveCfg = Release|Any CPU
		{AF79DC3A-1994-416A-BB0D-88C6B3BB8533}.Release|Any CPU.Build.0 = Release|Any CPU
		{AF79DC3A-1994-416A-BB0D-88C6B3BB8533}.Release|x64.ActiveCfg = Release|Any CPU
		{AF79DC3A-1994-416A-BB0D-88C6B3BB8533}.Release|x64.Build.0 = Release|Any CPU
		{AF79DC3A-1994-416A-BB0D-88C6B3BB8533}.Release|x86.ActiveCfg = Release|Any CPU
		{AF79DC3A-1994-416A-BB0D-88C6B3BB8533}.Release|x86.Build.0 = Release|Any CPU
		{D8E79732-4B25-4F24-A22D-9EF4ACEA24D4}.Debug|Any CPU.ActiveCfg = Debug|Any CPU
		{D8E79732-4B25-4F24-A22D-9EF4ACEA24D4}.Debug|Any CPU.Build.0 = Debug|Any CPU
		{D8E79732-4B25-4F24-A22D-9EF4ACEA24D4}.Debug|x64.ActiveCfg = Debug|Any CPU
		{D8E79732-4B25-4F24-A22D-9EF4ACEA24D4}.Debug|x64.Build.0 = Debug|Any CPU
		{D8E79732-4B25-4F24-A22D-9EF4ACEA24D4}.Debug|x86.ActiveCfg = Debug|Any CPU
		{D8E79732-4B25-4F24-A22D-9EF4ACEA24D4}.Debug|x86.Build.0 = Debug|Any CPU
		{D8E79732-4B25-4F24-A22D-9EF4ACEA24D4}.Release|Any CPU.ActiveCfg = Release|Any CPU
		{D8E79732-4B25-4F24-A22D-9EF4ACEA24D4}.Release|Any CPU.Build.0 = Release|Any CPU
		{D8E79732-4B25-4F24-A22D-9EF4ACEA24D4}.Release|x64.ActiveCfg = Release|Any CPU
		{D8E79732-4B25-4F24-A22D-9EF4ACEA24D4}.Release|x64.Build.0 = Release|Any CPU
		{D8E79732-4B25-4F24-A22D-9EF4ACEA24D4}.Release|x86.ActiveCfg = Release|Any CPU
		{D8E79732-4B25-4F24-A22D-9EF4ACEA24D4}.Release|x86.Build.0 = Release|Any CPU
		{4DF98C0F-2E37-475D-BFBF-5C57927EE23A}.Debug|Any CPU.ActiveCfg = Debug|Any CPU
		{4DF98C0F-2E37-475D-BFBF-5C57927EE23A}.Debug|Any CPU.Build.0 = Debug|Any CPU
		{4DF98C0F-2E37-475D-BFBF-5C57927EE23A}.Debug|x64.ActiveCfg = Debug|Any CPU
		{4DF98C0F-2E37-475D-BFBF-5C57927EE23A}.Debug|x64.Build.0 = Debug|Any CPU
		{4DF98C0F-2E37-475D-BFBF-5C57927EE23A}.Debug|x86.ActiveCfg = Debug|Any CPU
		{4DF98C0F-2E37-475D-BFBF-5C57927EE23A}.Debug|x86.Build.0 = Debug|Any CPU
		{4DF98C0F-2E37-475D-BFBF-5C57927EE23A}.Release|Any CPU.ActiveCfg = Release|Any CPU
		{4DF98C0F-2E37-475D-BFBF-5C57927EE23A}.Release|Any CPU.Build.0 = Release|Any CPU
		{4DF98C0F-2E37-475D-BFBF-5C57927EE23A}.Release|x64.ActiveCfg = Release|Any CPU
		{4DF98C0F-2E37-475D-BFBF-5C57927EE23A}.Release|x64.Build.0 = Release|Any CPU
		{4DF98C0F-2E37-475D-BFBF-5C57927EE23A}.Release|x86.ActiveCfg = Release|Any CPU
		{4DF98C0F-2E37-475D-BFBF-5C57927EE23A}.Release|x86.Build.0 = Release|Any CPU
		{1D0C3396-4785-458F-A506-8BC32162BDAA}.Debug|Any CPU.ActiveCfg = Debug|Any CPU
		{1D0C3396-4785-458F-A506-8BC32162BDAA}.Debug|Any CPU.Build.0 = Debug|Any CPU
		{1D0C3396-4785-458F-A506-8BC32162BDAA}.Debug|x64.ActiveCfg = Debug|Any CPU
		{1D0C3396-4785-458F-A506-8BC32162BDAA}.Debug|x64.Build.0 = Debug|Any CPU
		{1D0C3396-4785-458F-A506-8BC32162BDAA}.Debug|x86.ActiveCfg = Debug|Any CPU
		{1D0C3396-4785-458F-A506-8BC32162BDAA}.Debug|x86.Build.0 = Debug|Any CPU
		{1D0C3396-4785-458F-A506-8BC32162BDAA}.Release|Any CPU.ActiveCfg = Release|Any CPU
		{1D0C3396-4785-458F-A506-8BC32162BDAA}.Release|Any CPU.Build.0 = Release|Any CPU
		{1D0C3396-4785-458F-A506-8BC32162BDAA}.Release|x64.ActiveCfg = Release|Any CPU
		{1D0C3396-4785-458F-A506-8BC32162BDAA}.Release|x64.Build.0 = Release|Any CPU
		{1D0C3396-4785-458F-A506-8BC32162BDAA}.Release|x86.ActiveCfg = Release|Any CPU
		{1D0C3396-4785-458F-A506-8BC32162BDAA}.Release|x86.Build.0 = Release|Any CPU
		{9BB8E6FE-9AE2-41D2-A555-06BF425237FD}.Debug|Any CPU.ActiveCfg = Debug|Any CPU
		{9BB8E6FE-9AE2-41D2-A555-06BF425237FD}.Debug|Any CPU.Build.0 = Debug|Any CPU
		{9BB8E6FE-9AE2-41D2-A555-06BF425237FD}.Debug|x64.ActiveCfg = Debug|Any CPU
		{9BB8E6FE-9AE2-41D2-A555-06BF425237FD}.Debug|x64.Build.0 = Debug|Any CPU
		{9BB8E6FE-9AE2-41D2-A555-06BF425237FD}.Debug|x86.ActiveCfg = Debug|Any CPU
		{9BB8E6FE-9AE2-41D2-A555-06BF425237FD}.Debug|x86.Build.0 = Debug|Any CPU
		{9BB8E6FE-9AE2-41D2-A555-06BF425237FD}.Release|Any CPU.ActiveCfg = Release|Any CPU
		{9BB8E6FE-9AE2-41D2-A555-06BF425237FD}.Release|Any CPU.Build.0 = Release|Any CPU
		{9BB8E6FE-9AE2-41D2-A555-06BF425237FD}.Release|x64.ActiveCfg = Release|Any CPU
		{9BB8E6FE-9AE2-41D2-A555-06BF425237FD}.Release|x64.Build.0 = Release|Any CPU
		{9BB8E6FE-9AE2-41D2-A555-06BF425237FD}.Release|x86.ActiveCfg = Release|Any CPU
		{9BB8E6FE-9AE2-41D2-A555-06BF425237FD}.Release|x86.Build.0 = Release|Any CPU
		{A743397F-EE61-461F-A69A-0F10BD11B3D9}.Debug|Any CPU.ActiveCfg = Debug|Any CPU
		{A743397F-EE61-461F-A69A-0F10BD11B3D9}.Debug|Any CPU.Build.0 = Debug|Any CPU
		{A743397F-EE61-461F-A69A-0F10BD11B3D9}.Debug|x64.ActiveCfg = Debug|Any CPU
		{A743397F-EE61-461F-A69A-0F10BD11B3D9}.Debug|x64.Build.0 = Debug|Any CPU
		{A743397F-EE61-461F-A69A-0F10BD11B3D9}.Debug|x86.ActiveCfg = Debug|Any CPU
		{A743397F-EE61-461F-A69A-0F10BD11B3D9}.Debug|x86.Build.0 = Debug|Any CPU
		{A743397F-EE61-461F-A69A-0F10BD11B3D9}.Release|Any CPU.ActiveCfg = Release|Any CPU
		{A743397F-EE61-461F-A69A-0F10BD11B3D9}.Release|Any CPU.Build.0 = Release|Any CPU
		{A743397F-EE61-461F-A69A-0F10BD11B3D9}.Release|x64.ActiveCfg = Release|Any CPU
		{A743397F-EE61-461F-A69A-0F10BD11B3D9}.Release|x64.Build.0 = Release|Any CPU
		{A743397F-EE61-461F-A69A-0F10BD11B3D9}.Release|x86.ActiveCfg = Release|Any CPU
		{A743397F-EE61-461F-A69A-0F10BD11B3D9}.Release|x86.Build.0 = Release|Any CPU
		{8A012BCB-9068-477B-AC3C-87E1364885E5}.Debug|Any CPU.ActiveCfg = Debug|Any CPU
		{8A012BCB-9068-477B-AC3C-87E1364885E5}.Debug|Any CPU.Build.0 = Debug|Any CPU
		{8A012BCB-9068-477B-AC3C-87E1364885E5}.Debug|x64.ActiveCfg = Debug|Any CPU
		{8A012BCB-9068-477B-AC3C-87E1364885E5}.Debug|x64.Build.0 = Debug|Any CPU
		{8A012BCB-9068-477B-AC3C-87E1364885E5}.Debug|x86.ActiveCfg = Debug|Any CPU
		{8A012BCB-9068-477B-AC3C-87E1364885E5}.Debug|x86.Build.0 = Debug|Any CPU
		{8A012BCB-9068-477B-AC3C-87E1364885E5}.Release|Any CPU.ActiveCfg = Release|Any CPU
		{8A012BCB-9068-477B-AC3C-87E1364885E5}.Release|Any CPU.Build.0 = Release|Any CPU
		{8A012BCB-9068-477B-AC3C-87E1364885E5}.Release|x64.ActiveCfg = Release|Any CPU
		{8A012BCB-9068-477B-AC3C-87E1364885E5}.Release|x64.Build.0 = Release|Any CPU
		{8A012BCB-9068-477B-AC3C-87E1364885E5}.Release|x86.ActiveCfg = Release|Any CPU
		{8A012BCB-9068-477B-AC3C-87E1364885E5}.Release|x86.Build.0 = Release|Any CPU
		{DC1CF0C4-FBCF-453C-9DBA-593183E5670F}.Debug|Any CPU.ActiveCfg = Debug|Any CPU
		{DC1CF0C4-FBCF-453C-9DBA-593183E5670F}.Debug|Any CPU.Build.0 = Debug|Any CPU
		{DC1CF0C4-FBCF-453C-9DBA-593183E5670F}.Debug|x64.ActiveCfg = Debug|Any CPU
		{DC1CF0C4-FBCF-453C-9DBA-593183E5670F}.Debug|x64.Build.0 = Debug|Any CPU
		{DC1CF0C4-FBCF-453C-9DBA-593183E5670F}.Debug|x86.ActiveCfg = Debug|Any CPU
		{DC1CF0C4-FBCF-453C-9DBA-593183E5670F}.Debug|x86.Build.0 = Debug|Any CPU
		{DC1CF0C4-FBCF-453C-9DBA-593183E5670F}.Release|Any CPU.ActiveCfg = Release|Any CPU
		{DC1CF0C4-FBCF-453C-9DBA-593183E5670F}.Release|Any CPU.Build.0 = Release|Any CPU
		{DC1CF0C4-FBCF-453C-9DBA-593183E5670F}.Release|x64.ActiveCfg = Release|Any CPU
		{DC1CF0C4-FBCF-453C-9DBA-593183E5670F}.Release|x64.Build.0 = Release|Any CPU
		{DC1CF0C4-FBCF-453C-9DBA-593183E5670F}.Release|x86.ActiveCfg = Release|Any CPU
		{DC1CF0C4-FBCF-453C-9DBA-593183E5670F}.Release|x86.Build.0 = Release|Any CPU
		{46CC6969-5535-4974-AFCF-64B0109C0942}.Debug|Any CPU.ActiveCfg = Debug|Any CPU
		{46CC6969-5535-4974-AFCF-64B0109C0942}.Debug|Any CPU.Build.0 = Debug|Any CPU
		{46CC6969-5535-4974-AFCF-64B0109C0942}.Debug|x64.ActiveCfg = Debug|Any CPU
		{46CC6969-5535-4974-AFCF-64B0109C0942}.Debug|x64.Build.0 = Debug|Any CPU
		{46CC6969-5535-4974-AFCF-64B0109C0942}.Debug|x86.ActiveCfg = Debug|Any CPU
		{46CC6969-5535-4974-AFCF-64B0109C0942}.Debug|x86.Build.0 = Debug|Any CPU
		{46CC6969-5535-4974-AFCF-64B0109C0942}.Release|Any CPU.ActiveCfg = Release|Any CPU
		{46CC6969-5535-4974-AFCF-64B0109C0942}.Release|Any CPU.Build.0 = Release|Any CPU
		{46CC6969-5535-4974-AFCF-64B0109C0942}.Release|x64.ActiveCfg = Release|Any CPU
		{46CC6969-5535-4974-AFCF-64B0109C0942}.Release|x64.Build.0 = Release|Any CPU
		{46CC6969-5535-4974-AFCF-64B0109C0942}.Release|x86.ActiveCfg = Release|Any CPU
		{46CC6969-5535-4974-AFCF-64B0109C0942}.Release|x86.Build.0 = Release|Any CPU
		{F2B466A4-55E3-4F19-ADCD-CC1965693DE2}.Debug|Any CPU.ActiveCfg = Debug|Any CPU
		{F2B466A4-55E3-4F19-ADCD-CC1965693DE2}.Debug|Any CPU.Build.0 = Debug|Any CPU
		{F2B466A4-55E3-4F19-ADCD-CC1965693DE2}.Debug|x64.ActiveCfg = Debug|Any CPU
		{F2B466A4-55E3-4F19-ADCD-CC1965693DE2}.Debug|x64.Build.0 = Debug|Any CPU
		{F2B466A4-55E3-4F19-ADCD-CC1965693DE2}.Debug|x86.ActiveCfg = Debug|Any CPU
		{F2B466A4-55E3-4F19-ADCD-CC1965693DE2}.Debug|x86.Build.0 = Debug|Any CPU
		{F2B466A4-55E3-4F19-ADCD-CC1965693DE2}.Release|Any CPU.ActiveCfg = Release|Any CPU
		{F2B466A4-55E3-4F19-ADCD-CC1965693DE2}.Release|Any CPU.Build.0 = Release|Any CPU
		{F2B466A4-55E3-4F19-ADCD-CC1965693DE2}.Release|x64.ActiveCfg = Release|Any CPU
		{F2B466A4-55E3-4F19-ADCD-CC1965693DE2}.Release|x64.Build.0 = Release|Any CPU
		{F2B466A4-55E3-4F19-ADCD-CC1965693DE2}.Release|x86.ActiveCfg = Release|Any CPU
		{F2B466A4-55E3-4F19-ADCD-CC1965693DE2}.Release|x86.Build.0 = Release|Any CPU
		{2F0050BA-D878-4145-8DAA-2609636A2943}.Debug|Any CPU.ActiveCfg = Debug|Any CPU
		{2F0050BA-D878-4145-8DAA-2609636A2943}.Debug|Any CPU.Build.0 = Debug|Any CPU
		{2F0050BA-D878-4145-8DAA-2609636A2943}.Debug|x64.ActiveCfg = Debug|Any CPU
		{2F0050BA-D878-4145-8DAA-2609636A2943}.Debug|x64.Build.0 = Debug|Any CPU
		{2F0050BA-D878-4145-8DAA-2609636A2943}.Debug|x86.ActiveCfg = Debug|Any CPU
		{2F0050BA-D878-4145-8DAA-2609636A2943}.Debug|x86.Build.0 = Debug|Any CPU
		{2F0050BA-D878-4145-8DAA-2609636A2943}.Release|Any CPU.ActiveCfg = Release|Any CPU
		{2F0050BA-D878-4145-8DAA-2609636A2943}.Release|Any CPU.Build.0 = Release|Any CPU
		{2F0050BA-D878-4145-8DAA-2609636A2943}.Release|x64.ActiveCfg = Release|Any CPU
		{2F0050BA-D878-4145-8DAA-2609636A2943}.Release|x64.Build.0 = Release|Any CPU
		{2F0050BA-D878-4145-8DAA-2609636A2943}.Release|x86.ActiveCfg = Release|Any CPU
		{2F0050BA-D878-4145-8DAA-2609636A2943}.Release|x86.Build.0 = Release|Any CPU
		{0DA39F9A-2F1B-426A-8E1E-AD2B46B55359}.Debug|Any CPU.ActiveCfg = Debug|Any CPU
		{0DA39F9A-2F1B-426A-8E1E-AD2B46B55359}.Debug|Any CPU.Build.0 = Debug|Any CPU
		{0DA39F9A-2F1B-426A-8E1E-AD2B46B55359}.Debug|x64.ActiveCfg = Debug|Any CPU
		{0DA39F9A-2F1B-426A-8E1E-AD2B46B55359}.Debug|x64.Build.0 = Debug|Any CPU
		{0DA39F9A-2F1B-426A-8E1E-AD2B46B55359}.Debug|x86.ActiveCfg = Debug|Any CPU
		{0DA39F9A-2F1B-426A-8E1E-AD2B46B55359}.Debug|x86.Build.0 = Debug|Any CPU
		{0DA39F9A-2F1B-426A-8E1E-AD2B46B55359}.Release|Any CPU.ActiveCfg = Release|Any CPU
		{0DA39F9A-2F1B-426A-8E1E-AD2B46B55359}.Release|Any CPU.Build.0 = Release|Any CPU
		{0DA39F9A-2F1B-426A-8E1E-AD2B46B55359}.Release|x64.ActiveCfg = Release|Any CPU
		{0DA39F9A-2F1B-426A-8E1E-AD2B46B55359}.Release|x64.Build.0 = Release|Any CPU
		{0DA39F9A-2F1B-426A-8E1E-AD2B46B55359}.Release|x86.ActiveCfg = Release|Any CPU
		{0DA39F9A-2F1B-426A-8E1E-AD2B46B55359}.Release|x86.Build.0 = Release|Any CPU
		{88BA175E-ADE8-4CEF-89D8-65143EEF3B61}.Debug|Any CPU.ActiveCfg = Debug|Any CPU
		{88BA175E-ADE8-4CEF-89D8-65143EEF3B61}.Debug|Any CPU.Build.0 = Debug|Any CPU
		{88BA175E-ADE8-4CEF-89D8-65143EEF3B61}.Debug|x64.ActiveCfg = Debug|Any CPU
		{88BA175E-ADE8-4CEF-89D8-65143EEF3B61}.Debug|x64.Build.0 = Debug|Any CPU
		{88BA175E-ADE8-4CEF-89D8-65143EEF3B61}.Debug|x86.ActiveCfg = Debug|Any CPU
		{88BA175E-ADE8-4CEF-89D8-65143EEF3B61}.Debug|x86.Build.0 = Debug|Any CPU
		{88BA175E-ADE8-4CEF-89D8-65143EEF3B61}.Release|Any CPU.ActiveCfg = Release|Any CPU
		{88BA175E-ADE8-4CEF-89D8-65143EEF3B61}.Release|Any CPU.Build.0 = Release|Any CPU
		{88BA175E-ADE8-4CEF-89D8-65143EEF3B61}.Release|x64.ActiveCfg = Release|Any CPU
		{88BA175E-ADE8-4CEF-89D8-65143EEF3B61}.Release|x64.Build.0 = Release|Any CPU
		{88BA175E-ADE8-4CEF-89D8-65143EEF3B61}.Release|x86.ActiveCfg = Release|Any CPU
		{88BA175E-ADE8-4CEF-89D8-65143EEF3B61}.Release|x86.Build.0 = Release|Any CPU
		{4B1CA55B-79C1-4699-B1E4-468EF9AF530C}.Debug|Any CPU.ActiveCfg = Debug|Any CPU
		{4B1CA55B-79C1-4699-B1E4-468EF9AF530C}.Debug|Any CPU.Build.0 = Debug|Any CPU
		{4B1CA55B-79C1-4699-B1E4-468EF9AF530C}.Debug|x64.ActiveCfg = Debug|Any CPU
		{4B1CA55B-79C1-4699-B1E4-468EF9AF530C}.Debug|x64.Build.0 = Debug|Any CPU
		{4B1CA55B-79C1-4699-B1E4-468EF9AF530C}.Debug|x86.ActiveCfg = Debug|Any CPU
		{4B1CA55B-79C1-4699-B1E4-468EF9AF530C}.Debug|x86.Build.0 = Debug|Any CPU
		{4B1CA55B-79C1-4699-B1E4-468EF9AF530C}.Release|Any CPU.ActiveCfg = Release|Any CPU
		{4B1CA55B-79C1-4699-B1E4-468EF9AF530C}.Release|Any CPU.Build.0 = Release|Any CPU
		{4B1CA55B-79C1-4699-B1E4-468EF9AF530C}.Release|x64.ActiveCfg = Release|Any CPU
		{4B1CA55B-79C1-4699-B1E4-468EF9AF530C}.Release|x64.Build.0 = Release|Any CPU
		{4B1CA55B-79C1-4699-B1E4-468EF9AF530C}.Release|x86.ActiveCfg = Release|Any CPU
		{4B1CA55B-79C1-4699-B1E4-468EF9AF530C}.Release|x86.Build.0 = Release|Any CPU
		{695903E8-CDF9-4448-A148-0EBE49FA352E}.Debug|Any CPU.ActiveCfg = Debug|Any CPU
		{695903E8-CDF9-4448-A148-0EBE49FA352E}.Debug|Any CPU.Build.0 = Debug|Any CPU
		{695903E8-CDF9-4448-A148-0EBE49FA352E}.Debug|x64.ActiveCfg = Debug|Any CPU
		{695903E8-CDF9-4448-A148-0EBE49FA352E}.Debug|x64.Build.0 = Debug|Any CPU
		{695903E8-CDF9-4448-A148-0EBE49FA352E}.Debug|x86.ActiveCfg = Debug|Any CPU
		{695903E8-CDF9-4448-A148-0EBE49FA352E}.Debug|x86.Build.0 = Debug|Any CPU
		{695903E8-CDF9-4448-A148-0EBE49FA352E}.Release|Any CPU.ActiveCfg = Release|Any CPU
		{695903E8-CDF9-4448-A148-0EBE49FA352E}.Release|Any CPU.Build.0 = Release|Any CPU
		{695903E8-CDF9-4448-A148-0EBE49FA352E}.Release|x64.ActiveCfg = Release|Any CPU
		{695903E8-CDF9-4448-A148-0EBE49FA352E}.Release|x64.Build.0 = Release|Any CPU
		{695903E8-CDF9-4448-A148-0EBE49FA352E}.Release|x86.ActiveCfg = Release|Any CPU
		{695903E8-CDF9-4448-A148-0EBE49FA352E}.Release|x86.Build.0 = Release|Any CPU
		{BD551D8C-0E7B-4D28-A328-00D72FA2E49B}.Debug|Any CPU.ActiveCfg = Debug|Any CPU
		{BD551D8C-0E7B-4D28-A328-00D72FA2E49B}.Debug|Any CPU.Build.0 = Debug|Any CPU
		{BD551D8C-0E7B-4D28-A328-00D72FA2E49B}.Debug|x64.ActiveCfg = Debug|Any CPU
		{BD551D8C-0E7B-4D28-A328-00D72FA2E49B}.Debug|x64.Build.0 = Debug|Any CPU
		{BD551D8C-0E7B-4D28-A328-00D72FA2E49B}.Debug|x86.ActiveCfg = Debug|Any CPU
		{BD551D8C-0E7B-4D28-A328-00D72FA2E49B}.Debug|x86.Build.0 = Debug|Any CPU
		{BD551D8C-0E7B-4D28-A328-00D72FA2E49B}.Release|Any CPU.ActiveCfg = Release|Any CPU
		{BD551D8C-0E7B-4D28-A328-00D72FA2E49B}.Release|Any CPU.Build.0 = Release|Any CPU
		{BD551D8C-0E7B-4D28-A328-00D72FA2E49B}.Release|x64.ActiveCfg = Release|Any CPU
		{BD551D8C-0E7B-4D28-A328-00D72FA2E49B}.Release|x64.Build.0 = Release|Any CPU
		{BD551D8C-0E7B-4D28-A328-00D72FA2E49B}.Release|x86.ActiveCfg = Release|Any CPU
		{BD551D8C-0E7B-4D28-A328-00D72FA2E49B}.Release|x86.Build.0 = Release|Any CPU
		{5A4C7E96-8045-4CAF-8E83-14EE3EC15A58}.Debug|Any CPU.ActiveCfg = Debug|Any CPU
		{5A4C7E96-8045-4CAF-8E83-14EE3EC15A58}.Debug|Any CPU.Build.0 = Debug|Any CPU
		{5A4C7E96-8045-4CAF-8E83-14EE3EC15A58}.Debug|x64.ActiveCfg = Debug|Any CPU
		{5A4C7E96-8045-4CAF-8E83-14EE3EC15A58}.Debug|x64.Build.0 = Debug|Any CPU
		{5A4C7E96-8045-4CAF-8E83-14EE3EC15A58}.Debug|x86.ActiveCfg = Debug|Any CPU
		{5A4C7E96-8045-4CAF-8E83-14EE3EC15A58}.Debug|x86.Build.0 = Debug|Any CPU
		{5A4C7E96-8045-4CAF-8E83-14EE3EC15A58}.Release|Any CPU.ActiveCfg = Release|Any CPU
		{5A4C7E96-8045-4CAF-8E83-14EE3EC15A58}.Release|Any CPU.Build.0 = Release|Any CPU
		{5A4C7E96-8045-4CAF-8E83-14EE3EC15A58}.Release|x64.ActiveCfg = Release|Any CPU
		{5A4C7E96-8045-4CAF-8E83-14EE3EC15A58}.Release|x64.Build.0 = Release|Any CPU
		{5A4C7E96-8045-4CAF-8E83-14EE3EC15A58}.Release|x86.ActiveCfg = Release|Any CPU
		{5A4C7E96-8045-4CAF-8E83-14EE3EC15A58}.Release|x86.Build.0 = Release|Any CPU
	EndGlobalSection
	GlobalSection(SolutionProperties) = preSolution
		HideSolutionNode = FALSE
	EndGlobalSection
	GlobalSection(NestedProjects) = preSolution
		{90E0D9E2-C451-4399-8CEF-93ADF8035271} = {827E0CD3-B72D-47B6-A68D-7590B98EB39B}
		{AF79DC3A-1994-416A-BB0D-88C6B3BB8533} = {827E0CD3-B72D-47B6-A68D-7590B98EB39B}
		{D8E79732-4B25-4F24-A22D-9EF4ACEA24D4} = {827E0CD3-B72D-47B6-A68D-7590B98EB39B}
		{4DF98C0F-2E37-475D-BFBF-5C57927EE23A} = {827E0CD3-B72D-47B6-A68D-7590B98EB39B}
		{1D0C3396-4785-458F-A506-8BC32162BDAA} = {827E0CD3-B72D-47B6-A68D-7590B98EB39B}
		{9BB8E6FE-9AE2-41D2-A555-06BF425237FD} = {827E0CD3-B72D-47B6-A68D-7590B98EB39B}
		{A743397F-EE61-461F-A69A-0F10BD11B3D9} = {827E0CD3-B72D-47B6-A68D-7590B98EB39B}
		{8A012BCB-9068-477B-AC3C-87E1364885E5} = {827E0CD3-B72D-47B6-A68D-7590B98EB39B}
		{DC1CF0C4-FBCF-453C-9DBA-593183E5670F} = {827E0CD3-B72D-47B6-A68D-7590B98EB39B}
		{46CC6969-5535-4974-AFCF-64B0109C0942} = {827E0CD3-B72D-47B6-A68D-7590B98EB39B}
		{F2B466A4-55E3-4F19-ADCD-CC1965693DE2} = {827E0CD3-B72D-47B6-A68D-7590B98EB39B}
		{2F0050BA-D878-4145-8DAA-2609636A2943} = {827E0CD3-B72D-47B6-A68D-7590B98EB39B}
		{0DA39F9A-2F1B-426A-8E1E-AD2B46B55359} = {827E0CD3-B72D-47B6-A68D-7590B98EB39B}
		{88BA175E-ADE8-4CEF-89D8-65143EEF3B61} = {0AB3BF05-4346-4AA6-1389-037BE0695223}
		{4B1CA55B-79C1-4699-B1E4-468EF9AF530C} = {0AB3BF05-4346-4AA6-1389-037BE0695223}
		{695903E8-CDF9-4448-A148-0EBE49FA352E} = {0AB3BF05-4346-4AA6-1389-037BE0695223}
		{BD551D8C-0E7B-4D28-A328-00D72FA2E49B} = {0AB3BF05-4346-4AA6-1389-037BE0695223}
		{5A4C7E96-8045-4CAF-8E83-14EE3EC15A58} = {0AB3BF05-4346-4AA6-1389-037BE0695223}
	EndGlobalSection
EndGlobal
